
Microsoft Visual Studio Solution File, Format Version 12.00
# Visual Studio Version 17
VisualStudioVersion = 17.6.33815.320
MinimumVisualStudioVersion = 10.0.40219.1
Project("{FAE04EC0-301F-11D3-BF4B-00C04F79EFBC}") = "Radio killer", "Radio killer\Radio killer.csproj", "{A2E25F23-D5C7-4BE5-92C0-2C8287A75CBC}"
EndProject
Global
	GlobalSection(SolutionConfigurationPlatforms) = preSolution
		Debug|Any CPU = Debug|Any CPU
		Release|Any CPU = Release|Any CPU
	EndGlobalSection
	GlobalSection(ProjectConfigurationPlatforms) = postSolution
		{A2E25F23-D5C7-4BE5-92C0-2C8287A75CBC}.Debug|Any CPU.ActiveCfg = Debug|Any CPU
		{A2E25F23-D5C7-4BE5-92C0-2C8287A75CBC}.Debug|Any CPU.Build.0 = Debug|Any CPU
		{A2E25F23-D5C7-4BE5-92C0-2C8287A75CBC}.Release|Any CPU.ActiveCfg = Release|Any CPU
		{A2E25F23-D5C7-4BE5-92C0-2C8287A75CBC}.Release|Any CPU.Build.0 = Release|Any CPU
	EndGlobalSection
	GlobalSection(SolutionProperties) = preSolution
		HideSolutionNode = FALSE
	EndGlobalSection
	GlobalSection(ExtensibilityGlobals) = postSolution
		SolutionGuid = {F2134C4C-1B65-40F5-9042-A7710ACA7DC6}
	EndGlobalSection
EndGlobal
